
Microsoft Visual Studio Solution File, Format Version 12.00
# Visual Studio 15
VisualStudioVersion = 15.0.28010.2041
MinimumVisualStudioVersion = 10.0.40219.1
Project("{FAE04EC0-301F-11D3-BF4B-00C04F79EFBC}") = "Task1", "Task1\Task1.csproj", "{F74F7C4D-34A8-49DE-B9A4-06902911FD31}"
EndProject
Project("{FAE04EC0-301F-11D3-BF4B-00C04F79EFBC}") = "Task2", "Task2\Task2.csproj", "{813197F1-5E3F-45AB-B52E-9023F50886DE}"
EndProject
Project("{FAE04EC0-301F-11D3-BF4B-00C04F79EFBC}") = "Task3", "Task3\Task3.csproj", "{D7F313EC-3A19-4D96-A345-23E96792E69B}"
EndProject
Project("{FAE04EC0-301F-11D3-BF4B-00C04F79EFBC}") = "Task4", "Task4\Task4.csproj", "{92BF4696-8FAF-4A60-9361-B8D671C73176}"
EndProject
Project("{FAE04EC0-301F-11D3-BF4B-00C04F79EFBC}") = "Task5", "Task5\Task5.csproj", "{0F84D6E2-9C31-4D2F-A8D3-E1BCAB684DD8}"
EndProject
Project("{FAE04EC0-301F-11D3-BF4B-00C04F79EFBC}") = "Task6", "Task6\Task6.csproj", "{164CD22C-E933-4701-B958-2457B95A4FC1}"
EndProject
Project("{FAE04EC0-301F-11D3-BF4B-00C04F79EFBC}") = "Task7", "Task7\Task7.csproj", "{52BDD95F-6121-4572-8C5F-654F153951B5}"
EndProject
Project("{FAE04EC0-301F-11D3-BF4B-00C04F79EFBC}") = "Task8", "Task8\Task8.csproj", "{DE4B7AB9-7711-480E-839F-F88034427899}"
EndProject
Project("{FAE04EC0-301F-11D3-BF4B-00C04F79EFBC}") = "Task9", "Task9\Task9.csproj", "{C6FCD8BA-06ED-4B2F-815C-A88DF0B22D00}"
EndProject
Project("{FAE04EC0-301F-11D3-BF4B-00C04F79EFBC}") = "Task10", "Task10\Task10.csproj", "{829F7AEA-23A0-4770-BD16-56D82FBA226E}"
EndProject
Project("{FAE04EC0-301F-11D3-BF4B-00C04F79EFBC}") = "Task11", "Task11\Task11.csproj", "{0CBCB54A-D2A0-435D-B94E-B7636BBAFADE}"
EndProject
Project("{FAE04EC0-301F-11D3-BF4B-00C04F79EFBC}") = "Task12", "Task12\Task12.csproj", "{8688D50D-5180-4B22-902D-3C2054448D2F}"
EndProject
Project("{FAE04EC0-301F-11D3-BF4B-00C04F79EFBC}") = "Task13", "Task13\Task13.csproj", "{AA28D65B-D648-4C60-A9E0-44E5F0DD5BD2}"
EndProject
Project("{FAE04EC0-301F-11D3-BF4B-00C04F79EFBC}") = "Task14", "Task14\Task14.csproj", "{37D6B063-0159-43BE-9419-4B8AB3DABC4B}"
EndProject
Project("{FAE04EC0-301F-11D3-BF4B-00C04F79EFBC}") = "Task15", "Task15\Task15.csproj", "{A3A3C7BD-9A0F-4CF7-85FE-40BF3F9EFB2C}"
EndProject
Project("{FAE04EC0-301F-11D3-BF4B-00C04F79EFBC}") = "Task16", "Task16\Task16.csproj", "{A690165E-A1AB-4B8C-8673-D028D4116AEE}"
EndProject
Project("{FAE04EC0-301F-11D3-BF4B-00C04F79EFBC}") = "Task17", "Task17\Task17.csproj", "{DD28D353-1223-4F02-A70D-742C00FF5A43}"
EndProject
Project("{FAE04EC0-301F-11D3-BF4B-00C04F79EFBC}") = "Task18", "Task18\Task18.csproj", "{E0E3EB20-EBF8-44BB-AB8A-49E5BB8DD196}"
EndProject
Global
	GlobalSection(SolutionConfigurationPlatforms) = preSolution
		Debug|Any CPU = Debug|Any CPU
		Release|Any CPU = Release|Any CPU
	EndGlobalSection
	GlobalSection(ProjectConfigurationPlatforms) = postSolution
		{F74F7C4D-34A8-49DE-B9A4-06902911FD31}.Debug|Any CPU.ActiveCfg = Debug|Any CPU
		{F74F7C4D-34A8-49DE-B9A4-06902911FD31}.Debug|Any CPU.Build.0 = Debug|Any CPU
		{F74F7C4D-34A8-49DE-B9A4-06902911FD31}.Release|Any CPU.ActiveCfg = Release|Any CPU
		{F74F7C4D-34A8-49DE-B9A4-06902911FD31}.Release|Any CPU.Build.0 = Release|Any CPU
		{813197F1-5E3F-45AB-B52E-9023F50886DE}.Debug|Any CPU.ActiveCfg = Debug|Any CPU
		{813197F1-5E3F-45AB-B52E-9023F50886DE}.Debug|Any CPU.Build.0 = Debug|Any CPU
		{813197F1-5E3F-45AB-B52E-9023F50886DE}.Release|Any CPU.ActiveCfg = Release|Any CPU
		{813197F1-5E3F-45AB-B52E-9023F50886DE}.Release|Any CPU.Build.0 = Release|Any CPU
		{D7F313EC-3A19-4D96-A345-23E96792E69B}.Debug|Any CPU.ActiveCfg = Debug|Any CPU
		{D7F313EC-3A19-4D96-A345-23E96792E69B}.Debug|Any CPU.Build.0 = Debug|Any CPU
		{D7F313EC-3A19-4D96-A345-23E96792E69B}.Release|Any CPU.ActiveCfg = Release|Any CPU
		{D7F313EC-3A19-4D96-A345-23E96792E69B}.Release|Any CPU.Build.0 = Release|Any CPU
		{92BF4696-8FAF-4A60-9361-B8D671C73176}.Debug|Any CPU.ActiveCfg = Debug|Any CPU
		{92BF4696-8FAF-4A60-9361-B8D671C73176}.Debug|Any CPU.Build.0 = Debug|Any CPU
		{92BF4696-8FAF-4A60-9361-B8D671C73176}.Release|Any CPU.ActiveCfg = Release|Any CPU
		{92BF4696-8FAF-4A60-9361-B8D671C73176}.Release|Any CPU.Build.0 = Release|Any CPU
		{0F84D6E2-9C31-4D2F-A8D3-E1BCAB684DD8}.Debug|Any CPU.ActiveCfg = Debug|Any CPU
		{0F84D6E2-9C31-4D2F-A8D3-E1BCAB684DD8}.Debug|Any CPU.Build.0 = Debug|Any CPU
		{0F84D6E2-9C31-4D2F-A8D3-E1BCAB684DD8}.Release|Any CPU.ActiveCfg = Release|Any CPU
		{0F84D6E2-9C31-4D2F-A8D3-E1BCAB684DD8}.Release|Any CPU.Build.0 = Release|Any CPU
		{164CD22C-E933-4701-B958-2457B95A4FC1}.Debug|Any CPU.ActiveCfg = Debug|Any CPU
		{164CD22C-E933-4701-B958-2457B95A4FC1}.Debug|Any CPU.Build.0 = Debug|Any CPU
		{164CD22C-E933-4701-B958-2457B95A4FC1}.Release|Any CPU.ActiveCfg = Release|Any CPU
		{164CD22C-E933-4701-B958-2457B95A4FC1}.Release|Any CPU.Build.0 = Release|Any CPU
		{52BDD95F-6121-4572-8C5F-654F153951B5}.Debug|Any CPU.ActiveCfg = Debug|Any CPU
		{52BDD95F-6121-4572-8C5F-654F153951B5}.Debug|Any CPU.Build.0 = Debug|Any CPU
		{52BDD95F-6121-4572-8C5F-654F153951B5}.Release|Any CPU.ActiveCfg = Release|Any CPU
		{52BDD95F-6121-4572-8C5F-654F153951B5}.Release|Any CPU.Build.0 = Release|Any CPU
		{DE4B7AB9-7711-480E-839F-F88034427899}.Debug|Any CPU.ActiveCfg = Debug|Any CPU
		{DE4B7AB9-7711-480E-839F-F88034427899}.Debug|Any CPU.Build.0 = Debug|Any CPU
		{DE4B7AB9-7711-480E-839F-F88034427899}.Release|Any CPU.ActiveCfg = Release|Any CPU
		{DE4B7AB9-7711-480E-839F-F88034427899}.Release|Any CPU.Build.0 = Release|Any CPU
		{C6FCD8BA-06ED-4B2F-815C-A88DF0B22D00}.Debug|Any CPU.ActiveCfg = Debug|Any CPU
		{C6FCD8BA-06ED-4B2F-815C-A88DF0B22D00}.Debug|Any CPU.Build.0 = Debug|Any CPU
		{C6FCD8BA-06ED-4B2F-815C-A88DF0B22D00}.Release|Any CPU.ActiveCfg = Release|Any CPU
		{C6FCD8BA-06ED-4B2F-815C-A88DF0B22D00}.Release|Any CPU.Build.0 = Release|Any CPU
		{829F7AEA-23A0-4770-BD16-56D82FBA226E}.Debug|Any CPU.ActiveCfg = Debug|Any CPU
		{829F7AEA-23A0-4770-BD16-56D82FBA226E}.Debug|Any CPU.Build.0 = Debug|Any CPU
		{829F7AEA-23A0-4770-BD16-56D82FBA226E}.Release|Any CPU.ActiveCfg = Release|Any CPU
		{829F7AEA-23A0-4770-BD16-56D82FBA226E}.Release|Any CPU.Build.0 = Release|Any CPU
		{0CBCB54A-D2A0-435D-B94E-B7636BBAFADE}.Debug|Any CPU.ActiveCfg = Debug|Any CPU
		{0CBCB54A-D2A0-435D-B94E-B7636BBAFADE}.Debug|Any CPU.Build.0 = Debug|Any CPU
		{0CBCB54A-D2A0-435D-B94E-B7636BBAFADE}.Release|Any CPU.ActiveCfg = Release|Any CPU
		{0CBCB54A-D2A0-435D-B94E-B7636BBAFADE}.Release|Any CPU.Build.0 = Release|Any CPU
		{8688D50D-5180-4B22-902D-3C2054448D2F}.Debug|Any CPU.ActiveCfg = Debug|Any CPU
		{8688D50D-5180-4B22-902D-3C2054448D2F}.Debug|Any CPU.Build.0 = Debug|Any CPU
		{8688D50D-5180-4B22-902D-3C2054448D2F}.Release|Any CPU.ActiveCfg = Release|Any CPU
		{8688D50D-5180-4B22-902D-3C2054448D2F}.Release|Any CPU.Build.0 = Release|Any CPU
		{AA28D65B-D648-4C60-A9E0-44E5F0DD5BD2}.Debug|Any CPU.ActiveCfg = Debug|Any CPU
		{AA28D65B-D648-4C60-A9E0-44E5F0DD5BD2}.Debug|Any CPU.Build.0 = Debug|Any CPU
		{AA28D65B-D648-4C60-A9E0-44E5F0DD5BD2}.Release|Any CPU.ActiveCfg = Release|Any CPU
		{AA28D65B-D648-4C60-A9E0-44E5F0DD5BD2}.Release|Any CPU.Build.0 = Release|Any CPU
		{37D6B063-0159-43BE-9419-4B8AB3DABC4B}.Debug|Any CPU.ActiveCfg = Debug|Any CPU
		{37D6B063-0159-43BE-9419-4B8AB3DABC4B}.Debug|Any CPU.Build.0 = Debug|Any CPU
		{37D6B063-0159-43BE-9419-4B8AB3DABC4B}.Release|Any CPU.ActiveCfg = Release|Any CPU
		{37D6B063-0159-43BE-9419-4B8AB3DABC4B}.Release|Any CPU.Build.0 = Release|Any CPU
		{A3A3C7BD-9A0F-4CF7-85FE-40BF3F9EFB2C}.Debug|Any CPU.ActiveCfg = Debug|Any CPU
		{A3A3C7BD-9A0F-4CF7-85FE-40BF3F9EFB2C}.Debug|Any CPU.Build.0 = Debug|Any CPU
		{A3A3C7BD-9A0F-4CF7-85FE-40BF3F9EFB2C}.Release|Any CPU.ActiveCfg = Release|Any CPU
		{A3A3C7BD-9A0F-4CF7-85FE-40BF3F9EFB2C}.Release|Any CPU.Build.0 = Release|Any CPU
		{A690165E-A1AB-4B8C-8673-D028D4116AEE}.Debug|Any CPU.ActiveCfg = Debug|Any CPU
		{A690165E-A1AB-4B8C-8673-D028D4116AEE}.Debug|Any CPU.Build.0 = Debug|Any CPU
		{A690165E-A1AB-4B8C-8673-D028D4116AEE}.Release|Any CPU.ActiveCfg = Release|Any CPU
		{A690165E-A1AB-4B8C-8673-D028D4116AEE}.Release|Any CPU.Build.0 = Release|Any CPU
		{DD28D353-1223-4F02-A70D-742C00FF5A43}.Debug|Any CPU.ActiveCfg = Debug|Any CPU
		{DD28D353-1223-4F02-A70D-742C00FF5A43}.Debug|Any CPU.Build.0 = Debug|Any CPU
		{DD28D353-1223-4F02-A70D-742C00FF5A43}.Release|Any CPU.ActiveCfg = Release|Any CPU
		{DD28D353-1223-4F02-A70D-742C00FF5A43}.Release|Any CPU.Build.0 = Release|Any CPU
		{E0E3EB20-EBF8-44BB-AB8A-49E5BB8DD196}.Debug|Any CPU.ActiveCfg = Debug|Any CPU
		{E0E3EB20-EBF8-44BB-AB8A-49E5BB8DD196}.Debug|Any CPU.Build.0 = Debug|Any CPU
		{E0E3EB20-EBF8-44BB-AB8A-49E5BB8DD196}.Release|Any CPU.ActiveCfg = Release|Any CPU
		{E0E3EB20-EBF8-44BB-AB8A-49E5BB8DD196}.Release|Any CPU.Build.0 = Release|Any CPU
	EndGlobalSection
	GlobalSection(SolutionProperties) = preSolution
		HideSolutionNode = FALSE
	EndGlobalSection
	GlobalSection(ExtensibilityGlobals) = postSolution
		SolutionGuid = {D31ECDBE-78BF-41B7-AA3F-71EC92953266}
	EndGlobalSection
EndGlobal
